
Microsoft Visual Studio Solution File, Format Version 12.00
# Visual Studio Version 17
VisualStudioVersion = 17.5.33530.505
MinimumVisualStudioVersion = 10.0.40219.1
Project("{8BC9CEB8-8B4A-11D0-8D11-00A0C91BC942}") = "Array Search", "Array Search\Array Search.vcxproj", "{AAD23694-37B8-4DB4-946B-EAC9DA885492}"
EndProject
Global
	GlobalSection(SolutionConfigurationPlatforms) = preSolution
		Debug|x64 = Debug|x64
		Debug|x86 = Debug|x86
		Release|x64 = Release|x64
		Release|x86 = Release|x86
	EndGlobalSection
	GlobalSection(ProjectConfigurationPlatforms) = postSolution
		{AAD23694-37B8-4DB4-946B-EAC9DA885492}.Debug|x64.ActiveCfg = Debug|x64
		{AAD23694-37B8-4DB4-946B-EAC9DA885492}.Debug|x64.Build.0 = Debug|x64
		{AAD23694-37B8-4DB4-946B-EAC9DA885492}.Debug|x86.ActiveCfg = Debug|Win32
		{AAD23694-37B8-4DB4-946B-EAC9DA885492}.Debug|x86.Build.0 = Debug|Win32
		{AAD23694-37B8-4DB4-946B-EAC9DA885492}.Release|x64.ActiveCfg = Release|x64
		{AAD23694-37B8-4DB4-946B-EAC9DA885492}.Release|x64.Build.0 = Release|x64
		{AAD23694-37B8-4DB4-946B-EAC9DA885492}.Release|x86.ActiveCfg = Release|Win32
		{AAD23694-37B8-4DB4-946B-EAC9DA885492}.Release|x86.Build.0 = Release|Win32
	EndGlobalSection
	GlobalSection(SolutionProperties) = preSolution
		HideSolutionNode = FALSE
	EndGlobalSection
	GlobalSection(ExtensibilityGlobals) = postSolution
		SolutionGuid = {D135EA7C-33E8-415A-A333-BE1F9F1E71F3}
	EndGlobalSection
EndGlobal
